// !$*UTF8*$!
{
	archiveVersion = 1;
	classes = {
	};
	objectVersion = 56;
	objects = {

/* Begin PBXBuildFile section */
		007B2F3629C31F240069C947 /* AudioKitUI in Frameworks */ = {isa = PBXBuildFile; productRef = 007B2F3529C31F240069C947 /* AudioKitUI */; };
		007B2F4529CB120B0069C947 /* 66319__oneloginacc__loop_98bpm_2bars.mp3 in Resources */ = {isa = PBXBuildFile; fileRef = 007B2F4229CB120B0069C947 /* 66319__oneloginacc__loop_98bpm_2bars.mp3 */; };
		007B2F4629CB120B0069C947 /* 244291__orangefreesounds__80s-disco-drum-loop-114-bpm.mp3 in Resources */ = {isa = PBXBuildFile; fileRef = 007B2F4329CB120B0069C947 /* 244291__orangefreesounds__80s-disco-drum-loop-114-bpm.mp3 */; };
		007B2F4729CB120B0069C947 /* 320803__ajubamusic__funky-drum-loops84-bpm(loop10).mp3 in Resources */ = {isa = PBXBuildFile; fileRef = 007B2F4429CB120B0069C947 /* 320803__ajubamusic__funky-drum-loops84-bpm(loop10).mp3 */; };
		007CE94729BA73A100BF867D /* AudioFIleMenu.swift in Sources */ = {isa = PBXBuildFile; fileRef = 007CE94629BA73A100BF867D /* AudioFIleMenu.swift */; };
		0082BCA429A1679E00DD07EE /* Fader.swift in Sources */ = {isa = PBXBuildFile; fileRef = 0082BCA329A1679E00DD07EE /* Fader.swift */; };
		0082BCA829A63F9600DD07EE /* SelectInstrument.swift in Sources */ = {isa = PBXBuildFile; fileRef = 0082BCA729A63F9600DD07EE /* SelectInstrument.swift */; };
		0082BCAB29B0C59A00DD07EE /* Tonic in Frameworks */ = {isa = PBXBuildFile; productRef = 0082BCAA29B0C59A00DD07EE /* Tonic */; };
		0082BCAD29B0CAA300DD07EE /* Fader2.swift in Sources */ = {isa = PBXBuildFile; fileRef = 0082BCAC29B0CAA300DD07EE /* Fader2.swift */; };
		0082BCAF29B238AD00DD07EE /* AudioFilePlayBack.swift in Sources */ = {isa = PBXBuildFile; fileRef = 0082BCAE29B238AD00DD07EE /* AudioFilePlayBack.swift */; };
		008B811829D5A29500E15A61 /* hop1.mp3 in Resources */ = {isa = PBXBuildFile; fileRef = 008B811529D5A29500E15A61 /* hop1.mp3 */; };
		008B811929D5A29500E15A61 /* 395037__kodack__simple-relaxing-guitar-loop.mp3 in Resources */ = {isa = PBXBuildFile; fileRef = 008B811629D5A29500E15A61 /* 395037__kodack__simple-relaxing-guitar-loop.mp3 */; };
		008B811A29D5A29500E15A61 /* 187471__minecast__simple-loopable-beat.mp3 in Resources */ = {isa = PBXBuildFile; fileRef = 008B811729D5A29500E15A61 /* 187471__minecast__simple-loopable-beat.mp3 */; };
		008B811C29D6F1EA00E15A61 /* AudioEffectsMenu.swift in Sources */ = {isa = PBXBuildFile; fileRef = 008B811B29D6F1EA00E15A61 /* AudioEffectsMenu.swift */; };
		008B811E29D6F2E700E15A61 /* SettingsMenu.swift in Sources */ = {isa = PBXBuildFile; fileRef = 008B811D29D6F2E700E15A61 /* SettingsMenu.swift */; };
		00E4A4AF29A011CD0047C1E0 /* MEngProjectApp.swift in Sources */ = {isa = PBXBuildFile; fileRef = 00E4A4AE29A011CD0047C1E0 /* MEngProjectApp.swift */; };
		00E4A4B129A011CD0047C1E0 /* ContentView.swift in Sources */ = {isa = PBXBuildFile; fileRef = 00E4A4B029A011CD0047C1E0 /* ContentView.swift */; };
		00E4A4B329A011CD0047C1E0 /* Assets.xcassets in Resources */ = {isa = PBXBuildFile; fileRef = 00E4A4B229A011CD0047C1E0 /* Assets.xcassets */; };
		00E4A4B629A011CD0047C1E0 /* Preview Assets.xcassets in Resources */ = {isa = PBXBuildFile; fileRef = 00E4A4B529A011CD0047C1E0 /* Preview Assets.xcassets */; };
		00E4A4BE29A013160047C1E0 /* AudioKit in Frameworks */ = {isa = PBXBuildFile; productRef = 00E4A4BD29A013160047C1E0 /* AudioKit */; };
		00E4A4C429A0135B0047C1E0 /* DunneAudioKit in Frameworks */ = {isa = PBXBuildFile; productRef = 00E4A4C329A0135B0047C1E0 /* DunneAudioKit */; };
		00E4A4C729A013760047C1E0 /* SoundpipeAudioKit in Frameworks */ = {isa = PBXBuildFile; productRef = 00E4A4C629A013760047C1E0 /* SoundpipeAudioKit */; };
		00F4450429E5716500E788CD /* PlayBackClass.swift in Sources */ = {isa = PBXBuildFile; fileRef = 00F4450329E5716500E788CD /* PlayBackClass.swift */; };
		00F4450629E5830F00E788CD /* SSLaunchScreen.storyboard in Resources */ = {isa = PBXBuildFile; fileRef = 00F4450529E5830F00E788CD /* SSLaunchScreen.storyboard */; };
		00F4450C29E6B12400E788CD /* Icon.png in Resources */ = {isa = PBXBuildFile; fileRef = 00F4450B29E6B12400E788CD /* Icon.png */; };
/* End PBXBuildFile section */

/* Begin PBXFileReference section */
		007B2F4229CB120B0069C947 /* 66319__oneloginacc__loop_98bpm_2bars.mp3 */ = {isa = PBXFileReference; lastKnownFileType = audio.mp3; path = 66319__oneloginacc__loop_98bpm_2bars.mp3; sourceTree = "<group>"; };
		007B2F4329CB120B0069C947 /* 244291__orangefreesounds__80s-disco-drum-loop-114-bpm.mp3 */ = {isa = PBXFileReference; lastKnownFileType = audio.mp3; path = "244291__orangefreesounds__80s-disco-drum-loop-114-bpm.mp3"; sourceTree = "<group>"; };
		007B2F4429CB120B0069C947 /* 320803__ajubamusic__funky-drum-loops84-bpm(loop10).mp3 */ = {isa = PBXFileReference; lastKnownFileType = audio.mp3; path = "320803__ajubamusic__funky-drum-loops84-bpm(loop10).mp3"; sourceTree = "<group>"; };
		007CE94629BA73A100BF867D /* AudioFIleMenu.swift */ = {isa = PBXFileReference; lastKnownFileType = sourcecode.swift; path = AudioFIleMenu.swift; sourceTree = "<group>"; };
		0082BCA329A1679E00DD07EE /* Fader.swift */ = {isa = PBXFileReference; lastKnownFileType = sourcecode.swift; path = Fader.swift; sourceTree = "<group>"; };
		0082BCA729A63F9600DD07EE /* SelectInstrument.swift */ = {isa = PBXFileReference; lastKnownFileType = sourcecode.swift; path = SelectInstrument.swift; sourceTree = "<group>"; };
		0082BCAC29B0CAA300DD07EE /* Fader2.swift */ = {isa = PBXFileReference; lastKnownFileType = sourcecode.swift; path = Fader2.swift; sourceTree = "<group>"; };
		0082BCAE29B238AD00DD07EE /* AudioFilePlayBack.swift */ = {isa = PBXFileReference; lastKnownFileType = sourcecode.swift; path = AudioFilePlayBack.swift; sourceTree = "<group>"; };
		008B811529D5A29500E15A61 /* hop1.mp3 */ = {isa = PBXFileReference; lastKnownFileType = audio.mp3; path = hop1.mp3; sourceTree = "<group>"; };
		008B811629D5A29500E15A61 /* 395037__kodack__simple-relaxing-guitar-loop.mp3 */ = {isa = PBXFileReference; lastKnownFileType = audio.mp3; path = "395037__kodack__simple-relaxing-guitar-loop.mp3"; sourceTree = "<group>"; };
		008B811729D5A29500E15A61 /* 187471__minecast__simple-loopable-beat.mp3 */ = {isa = PBXFileReference; lastKnownFileType = audio.mp3; path = "187471__minecast__simple-loopable-beat.mp3"; sourceTree = "<group>"; };
		008B811B29D6F1EA00E15A61 /* AudioEffectsMenu.swift */ = {isa = PBXFileReference; lastKnownFileType = sourcecode.swift; path = AudioEffectsMenu.swift; sourceTree = "<group>"; };
		008B811D29D6F2E700E15A61 /* SettingsMenu.swift */ = {isa = PBXFileReference; lastKnownFileType = sourcecode.swift; path = SettingsMenu.swift; sourceTree = "<group>"; };
		00E4A4AB29A011CD0047C1E0 /* MEngProject.app */ = {isa = PBXFileReference; explicitFileType = wrapper.application; includeInIndex = 0; path = MEngProject.app; sourceTree = BUILT_PRODUCTS_DIR; };
		00E4A4AE29A011CD0047C1E0 /* MEngProjectApp.swift */ = {isa = PBXFileReference; lastKnownFileType = sourcecode.swift; path = MEngProjectApp.swift; sourceTree = "<group>"; };
		00E4A4B029A011CD0047C1E0 /* ContentView.swift */ = {isa = PBXFileReference; lastKnownFileType = sourcecode.swift; path = ContentView.swift; sourceTree = "<group>"; };
		00E4A4B229A011CD0047C1E0 /* Assets.xcassets */ = {isa = PBXFileReference; lastKnownFileType = folder.assetcatalog; path = Assets.xcassets; sourceTree = "<group>"; };
		00E4A4B529A011CD0047C1E0 /* Preview Assets.xcassets */ = {isa = PBXFileReference; lastKnownFileType = folder.assetcatalog; path = "Preview Assets.xcassets"; sourceTree = "<group>"; };
		00F4450329E5716500E788CD /* PlayBackClass.swift */ = {isa = PBXFileReference; lastKnownFileType = sourcecode.swift; name = PlayBackClass.swift; path = MEngProject/PlayBackClass.swift; sourceTree = "<group>"; };
		00F4450529E5830F00E788CD /* SSLaunchScreen.storyboard */ = {isa = PBXFileReference; lastKnownFileType = file.storyboard; name = SSLaunchScreen.storyboard; path = MEngProject/SSLaunchScreen.storyboard; sourceTree = "<group>"; };
		00F4450B29E6B12400E788CD /* Icon.png */ = {isa = PBXFileReference; lastKnownFileType = image.png; path = Icon.png; sourceTree = "<group>"; };
/* End PBXFileReference section */

/* Begin PBXFrameworksBuildPhase section */
		00E4A4A829A011CD0047C1E0 /* Frameworks */ = {
			isa = PBXFrameworksBuildPhase;
			buildActionMask = 2147483647;
			files = (
				00E4A4BE29A013160047C1E0 /* AudioKit in Frameworks */,
				007B2F3629C31F240069C947 /* AudioKitUI in Frameworks */,
				00E4A4C729A013760047C1E0 /* SoundpipeAudioKit in Frameworks */,
				0082BCAB29B0C59A00DD07EE /* Tonic in Frameworks */,
				00E4A4C429A0135B0047C1E0 /* DunneAudioKit in Frameworks */,
			);
			runOnlyForDeploymentPostprocessing = 0;
		};
/* End PBXFrameworksBuildPhase section */

/* Begin PBXGroup section */
		007B2F3429C31F240069C947 /* Frameworks */ = {
			isa = PBXGroup;
			children = (
			);
			name = Frameworks;
			sourceTree = "<group>";
		};
		007B2F3729C488E90069C947 /* AudioFiles */ = {
			isa = PBXGroup;
			children = (
				008B811729D5A29500E15A61 /* 187471__minecast__simple-loopable-beat.mp3 */,
				008B811629D5A29500E15A61 /* 395037__kodack__simple-relaxing-guitar-loop.mp3 */,
				008B811529D5A29500E15A61 /* hop1.mp3 */,
				007B2F4229CB120B0069C947 /* 66319__oneloginacc__loop_98bpm_2bars.mp3 */,
				007B2F4329CB120B0069C947 /* 244291__orangefreesounds__80s-disco-drum-loop-114-bpm.mp3 */,
				007B2F4429CB120B0069C947 /* 320803__ajubamusic__funky-drum-loops84-bpm(loop10).mp3 */,
			);
			path = AudioFiles;
			sourceTree = "<group>";
		};
		00E4A4A229A011CC0047C1E0 = {
			isa = PBXGroup;
			children = (
				00F4450529E5830F00E788CD /* SSLaunchScreen.storyboard */,
				00F4450329E5716500E788CD /* PlayBackClass.swift */,
				00E4A4AD29A011CD0047C1E0 /* MEngProject */,
				00E4A4AC29A011CD0047C1E0 /* Products */,
				007B2F3429C31F240069C947 /* Frameworks */,
			);
			sourceTree = "<group>";
		};
		00E4A4AC29A011CD0047C1E0 /* Products */ = {
			isa = PBXGroup;
			children = (
				00E4A4AB29A011CD0047C1E0 /* MEngProject.app */,
			);
			name = Products;
			sourceTree = "<group>";
		};
		00E4A4AD29A011CD0047C1E0 /* MEngProject */ = {
			isa = PBXGroup;
			children = (
				007B2F3729C488E90069C947 /* AudioFiles */,
				00E4A4AE29A011CD0047C1E0 /* MEngProjectApp.swift */,
				00E4A4B029A011CD0047C1E0 /* ContentView.swift */,
				00E4A4B229A011CD0047C1E0 /* Assets.xcassets */,
				00F4450B29E6B12400E788CD /* Icon.png */,
				00E4A4B429A011CD0047C1E0 /* Preview Content */,
				0082BCA329A1679E00DD07EE /* Fader.swift */,
				007CE94629BA73A100BF867D /* AudioFIleMenu.swift */,
				0082BCA729A63F9600DD07EE /* SelectInstrument.swift */,
				008B811D29D6F2E700E15A61 /* SettingsMenu.swift */,
				0082BCAC29B0CAA300DD07EE /* Fader2.swift */,
				0082BCAE29B238AD00DD07EE /* AudioFilePlayBack.swift */,
				008B811B29D6F1EA00E15A61 /* AudioEffectsMenu.swift */,
			);
			path = MEngProject;
			sourceTree = "<group>";
		};
		00E4A4B429A011CD0047C1E0 /* Preview Content */ = {
			isa = PBXGroup;
			children = (
				00E4A4B529A011CD0047C1E0 /* Preview Assets.xcassets */,
			);
			path = "Preview Content";
			sourceTree = "<group>";
		};
/* End PBXGroup section */

/* Begin PBXNativeTarget section */
		00E4A4AA29A011CD0047C1E0 /* MEngProject */ = {
			isa = PBXNativeTarget;
			buildConfigurationList = 00E4A4B929A011CD0047C1E0 /* Build configuration list for PBXNativeTarget "MEngProject" */;
			buildPhases = (
				00E4A4A729A011CD0047C1E0 /* Sources */,
				00E4A4A829A011CD0047C1E0 /* Frameworks */,
				00E4A4A929A011CD0047C1E0 /* Resources */,
			);
			buildRules = (
			);
			dependencies = (
			);
			name = MEngProject;
			packageProductDependencies = (
				00E4A4BD29A013160047C1E0 /* AudioKit */,
				00E4A4C329A0135B0047C1E0 /* DunneAudioKit */,
				00E4A4C629A013760047C1E0 /* SoundpipeAudioKit */,
				0082BCAA29B0C59A00DD07EE /* Tonic */,
				007B2F3529C31F240069C947 /* AudioKitUI */,
			);
			productName = MEngProject;
			productReference = 00E4A4AB29A011CD0047C1E0 /* MEngProject.app */;
			productType = "com.apple.product-type.application";
		};
/* End PBXNativeTarget section */

/* Begin PBXProject section */
		00E4A4A329A011CC0047C1E0 /* Project object */ = {
			isa = PBXProject;
			attributes = {
				BuildIndependentTargetsInParallel = 1;
				LastSwiftUpdateCheck = 1420;
				LastUpgradeCheck = 1420;
				TargetAttributes = {
					00E4A4AA29A011CD0047C1E0 = {
						CreatedOnToolsVersion = 14.2;
					};
				};
			};
			buildConfigurationList = 00E4A4A629A011CC0047C1E0 /* Build configuration list for PBXProject "MEngProject" */;
			compatibilityVersion = "Xcode 14.0";
			developmentRegion = en;
			hasScannedForEncodings = 0;
			knownRegions = (
				en,
				Base,
			);
			mainGroup = 00E4A4A229A011CC0047C1E0;
			packageReferences = (
				00E4A4BC29A013160047C1E0 /* XCRemoteSwiftPackageReference "AudioKit" */,
				00E4A4BF29A0133C0047C1E0 /* XCRemoteSwiftPackageReference "AudioKitUI" */,
				00E4A4C229A0135B0047C1E0 /* XCRemoteSwiftPackageReference "DunneAudioKit" */,
				00E4A4C529A013760047C1E0 /* XCRemoteSwiftPackageReference "SoundpipeAudioKit" */,
				0082BCA929B0C59A00DD07EE /* XCRemoteSwiftPackageReference "Tonic" */,
			);
			productRefGroup = 00E4A4AC29A011CD0047C1E0 /* Products */;
			projectDirPath = "";
			projectRoot = "";
			targets = (
				00E4A4AA29A011CD0047C1E0 /* MEngProject */,
			);
		};
/* End PBXProject section */

/* Begin PBXResourcesBuildPhase section */
		00E4A4A929A011CD0047C1E0 /* Resources */ = {
			isa = PBXResourcesBuildPhase;
			buildActionMask = 2147483647;
			files = (
				00F4450629E5830F00E788CD /* SSLaunchScreen.storyboard in Resources */,
				007B2F4629CB120B0069C947 /* 244291__orangefreesounds__80s-disco-drum-loop-114-bpm.mp3 in Resources */,
				00E4A4B629A011CD0047C1E0 /* Preview Assets.xcassets in Resources */,
				008B811A29D5A29500E15A61 /* 187471__minecast__simple-loopable-beat.mp3 in Resources */,
				008B811829D5A29500E15A61 /* hop1.mp3 in Resources */,
				007B2F4729CB120B0069C947 /* 320803__ajubamusic__funky-drum-loops84-bpm(loop10).mp3 in Resources */,
				00E4A4B329A011CD0047C1E0 /* Assets.xcassets in Resources */,
				00F4450C29E6B12400E788CD /* Icon.png in Resources */,
				008B811929D5A29500E15A61 /* 395037__kodack__simple-relaxing-guitar-loop.mp3 in Resources */,
				007B2F4529CB120B0069C947 /* 66319__oneloginacc__loop_98bpm_2bars.mp3 in Resources */,
			);
			runOnlyForDeploymentPostprocessing = 0;
		};
/* End PBXResourcesBuildPhase section */

/* Begin PBXSourcesBuildPhase section */
		00E4A4A729A011CD0047C1E0 /* Sources */ = {
			isa = PBXSourcesBuildPhase;
			buildActionMask = 2147483647;
			files = (
				008B811E29D6F2E700E15A61 /* SettingsMenu.swift in Sources */,
				008B811C29D6F1EA00E15A61 /* AudioEffectsMenu.swift in Sources */,
				0082BCA429A1679E00DD07EE /* Fader.swift in Sources */,
				00F4450429E5716500E788CD /* PlayBackClass.swift in Sources */,
				00E4A4B129A011CD0047C1E0 /* ContentView.swift in Sources */,
				0082BCA829A63F9600DD07EE /* SelectInstrument.swift in Sources */,
				007CE94729BA73A100BF867D /* AudioFIleMenu.swift in Sources */,
				0082BCAD29B0CAA300DD07EE /* Fader2.swift in Sources */,
				00E4A4AF29A011CD0047C1E0 /* MEngProjectApp.swift in Sources */,
				0082BCAF29B238AD00DD07EE /* AudioFilePlayBack.swift in Sources */,
			);
			runOnlyForDeploymentPostprocessing = 0;
		};
/* End PBXSourcesBuildPhase section */

/* Begin XCBuildConfiguration section */
		00E4A4B729A011CD0047C1E0 /* Debug */ = {
			isa = XCBuildConfiguration;
			buildSettings = {
				ALWAYS_SEARCH_USER_PATHS = NO;
				CLANG_ANALYZER_NONNULL = YES;
				CLANG_ANALYZER_NUMBER_OBJECT_CONVERSION = YES_AGGRESSIVE;
				CLANG_CXX_LANGUAGE_STANDARD = "gnu++20";
				CLANG_ENABLE_MODULES = YES;
				CLANG_ENABLE_OBJC_ARC = YES;
				CLANG_ENABLE_OBJC_WEAK = YES;
				CLANG_WARN_BLOCK_CAPTURE_AUTORELEASING = YES;
				CLANG_WARN_BOOL_CONVERSION = YES;
				CLANG_WARN_COMMA = YES;
				CLANG_WARN_CONSTANT_CONVERSION = YES;
				CLANG_WARN_DEPRECATED_OBJC_IMPLEMENTATIONS = YES;
				CLANG_WARN_DIRECT_OBJC_ISA_USAGE = YES_ERROR;
				CLANG_WARN_DOCUMENTATION_COMMENTS = YES;
				CLANG_WARN_EMPTY_BODY = YES;
				CLANG_WARN_ENUM_CONVERSION = YES;
				CLANG_WARN_INFINITE_RECURSION = YES;
				CLANG_WARN_INT_CONVERSION = YES;
				CLANG_WARN_NON_LITERAL_NULL_CONVERSION = YES;
				CLANG_WARN_OBJC_IMPLICIT_RETAIN_SELF = YES;
				CLANG_WARN_OBJC_LITERAL_CONVERSION = YES;
				CLANG_WARN_OBJC_ROOT_CLASS = YES_ERROR;
				CLANG_WARN_QUOTED_INCLUDE_IN_FRAMEWORK_HEADER = YES;
				CLANG_WARN_RANGE_LOOP_ANALYSIS = YES;
				CLANG_WARN_STRICT_PROTOTYPES = YES;
				CLANG_WARN_SUSPICIOUS_MOVE = YES;
				CLANG_WARN_UNGUARDED_AVAILABILITY = YES_AGGRESSIVE;
				CLANG_WARN_UNREACHABLE_CODE = YES;
				CLANG_WARN__DUPLICATE_METHOD_MATCH = YES;
				COPY_PHASE_STRIP = NO;
				DEBUG_INFORMATION_FORMAT = dwarf;
				ENABLE_STRICT_OBJC_MSGSEND = YES;
				ENABLE_TESTABILITY = YES;
				GCC_C_LANGUAGE_STANDARD = gnu11;
				GCC_DYNAMIC_NO_PIC = NO;
				GCC_NO_COMMON_BLOCKS = YES;
				GCC_OPTIMIZATION_LEVEL = 0;
				GCC_PREPROCESSOR_DEFINITIONS = (
					"DEBUG=1",
					"$(inherited)",
				);
				GCC_WARN_64_TO_32_BIT_CONVERSION = YES;
				GCC_WARN_ABOUT_RETURN_TYPE = YES_ERROR;
				GCC_WARN_UNDECLARED_SELECTOR = YES;
				GCC_WARN_UNINITIALIZED_AUTOS = YES_AGGRESSIVE;
				GCC_WARN_UNUSED_FUNCTION = YES;
				GCC_WARN_UNUSED_VARIABLE = YES;
				IPHONEOS_DEPLOYMENT_TARGET = 16.2;
				MTL_ENABLE_DEBUG_INFO = INCLUDE_SOURCE;
				MTL_FAST_MATH = YES;
				ONLY_ACTIVE_ARCH = YES;
				SDKROOT = iphoneos;
				SWIFT_ACTIVE_COMPILATION_CONDITIONS = DEBUG;
				SWIFT_OPTIMIZATION_LEVEL = "-Onone";
			};
			name = Debug;
		};
		00E4A4B829A011CD0047C1E0 /* Release */ = {
			isa = XCBuildConfiguration;
			buildSettings = {
				ALWAYS_SEARCH_USER_PATHS = NO;
				CLANG_ANALYZER_NONNULL = YES;
				CLANG_ANALYZER_NUMBER_OBJECT_CONVERSION = YES_AGGRESSIVE;
				CLANG_CXX_LANGUAGE_STANDARD = "gnu++20";
				CLANG_ENABLE_MODULES = YES;
				CLANG_ENABLE_OBJC_ARC = YES;
				CLANG_ENABLE_OBJC_WEAK = YES;
				CLANG_WARN_BLOCK_CAPTURE_AUTORELEASING = YES;
				CLANG_WARN_BOOL_CONVERSION = YES;
				CLANG_WARN_COMMA = YES;
				CLANG_WARN_CONSTANT_CONVERSION = YES;
				CLANG_WARN_DEPRECATED_OBJC_IMPLEMENTATIONS = YES;
				CLANG_WARN_DIRECT_OBJC_ISA_USAGE = YES_ERROR;
				CLANG_WARN_DOCUMENTATION_COMMENTS = YES;
				CLANG_WARN_EMPTY_BODY = YES;
				CLANG_WARN_ENUM_CONVERSION = YES;
				CLANG_WARN_INFINITE_RECURSION = YES;
				CLANG_WARN_INT_CONVERSION = YES;
				CLANG_WARN_NON_LITERAL_NULL_CONVERSION = YES;
				CLANG_WARN_OBJC_IMPLICIT_RETAIN_SELF = YES;
				CLANG_WARN_OBJC_LITERAL_CONVERSION = YES;
				CLANG_WARN_OBJC_ROOT_CLASS = YES_ERROR;
				CLANG_WARN_QUOTED_INCLUDE_IN_FRAMEWORK_HEADER = YES;
				CLANG_WARN_RANGE_LOOP_ANALYSIS = YES;
				CLANG_WARN_STRICT_PROTOTYPES = YES;
				CLANG_WARN_SUSPICIOUS_MOVE = YES;
				CLANG_WARN_UNGUARDED_AVAILABILITY = YES_AGGRESSIVE;
				CLANG_WARN_UNREACHABLE_CODE = YES;
				CLANG_WARN__DUPLICATE_METHOD_MATCH = YES;
				COPY_PHASE_STRIP = NO;
				DEBUG_INFORMATION_FORMAT = "dwarf-with-dsym";
				ENABLE_NS_ASSERTIONS = NO;
				ENABLE_STRICT_OBJC_MSGSEND = YES;
				GCC_C_LANGUAGE_STANDARD = gnu11;
				GCC_NO_COMMON_BLOCKS = YES;
				GCC_WARN_64_TO_32_BIT_CONVERSION = YES;
				GCC_WARN_ABOUT_RETURN_TYPE = YES_ERROR;
				GCC_WARN_UNDECLARED_SELECTOR = YES;
				GCC_WARN_UNINITIALIZED_AUTOS = YES_AGGRESSIVE;
				GCC_WARN_UNUSED_FUNCTION = YES;
				GCC_WARN_UNUSED_VARIABLE = YES;
				IPHONEOS_DEPLOYMENT_TARGET = 16.2;
				MTL_ENABLE_DEBUG_INFO = NO;
				MTL_FAST_MATH = YES;
				SDKROOT = iphoneos;
				SWIFT_COMPILATION_MODE = wholemodule;
				SWIFT_OPTIMIZATION_LEVEL = "-O";
				VALIDATE_PRODUCT = YES;
			};
			name = Release;
		};
		00E4A4BA29A011CD0047C1E0 /* Debug */ = {
			isa = XCBuildConfiguration;
			buildSettings = {
				ASSETCATALOG_COMPILER_APPICON_NAME = AppIcon;
				ASSETCATALOG_COMPILER_GLOBAL_ACCENT_COLOR_NAME = AccentColor;
				CODE_SIGN_STYLE = Automatic;
				CURRENT_PROJECT_VERSION = 9;
				DEVELOPMENT_ASSET_PATHS = "\"MEngProject/Preview Content\"";
				DEVELOPMENT_TEAM = R3Q2HP4BK8;
				ENABLE_PREVIEWS = YES;
				GENERATE_INFOPLIST_FILE = YES;
				INFOPLIST_KEY_CFBundleDisplayName = SonicShift;
				INFOPLIST_KEY_LSApplicationCategoryType = "public.app-category.music";
				INFOPLIST_KEY_UIApplicationSceneManifest_Generation = YES;
				INFOPLIST_KEY_UIApplicationSupportsIndirectInputEvents = YES;
				INFOPLIST_KEY_UILaunchScreen_Generation = YES;
				INFOPLIST_KEY_UILaunchStoryboardName = SSLaunchScreen.storyboard;
				INFOPLIST_KEY_UISupportedInterfaceOrientations_iPad = UIInterfaceOrientationLandscapeRight;
				IPHONEOS_DEPLOYMENT_TARGET = 16.1;
				LD_RUNPATH_SEARCH_PATHS = (
					"$(inherited)",
					"@executable_path/Frameworks",
				);
				MARKETING_VERSION = 0.1;
				PRODUCT_BUNDLE_IDENTIFIER = com.AVSound.MEngProject;
				PRODUCT_NAME = "$(TARGET_NAME)";
				SWIFT_EMIT_LOC_STRINGS = YES;
				SWIFT_VERSION = 5.0;
				TARGETED_DEVICE_FAMILY = "1,2";
			};
			name = Debug;
		};
		00E4A4BB29A011CD0047C1E0 /* Release */ = {
			isa = XCBuildConfiguration;
			buildSettings = {
				ASSETCATALOG_COMPILER_APPICON_NAME = AppIcon;
				ASSETCATALOG_COMPILER_GLOBAL_ACCENT_COLOR_NAME = AccentColor;
				CODE_SIGN_STYLE = Automatic;
				CURRENT_PROJECT_VERSION = 9;
				DEVELOPMENT_ASSET_PATHS = "\"MEngProject/Preview Content\"";
				DEVELOPMENT_TEAM = R3Q2HP4BK8;
				ENABLE_PREVIEWS = YES;
				GENERATE_INFOPLIST_FILE = YES;
				INFOPLIST_KEY_CFBundleDisplayName = SonicShift;
				INFOPLIST_KEY_LSApplicationCategoryType = "public.app-category.music";
				INFOPLIST_KEY_UIApplicationSceneManifest_Generation = YES;
				INFOPLIST_KEY_UIApplicationSupportsIndirectInputEvents = YES;
				INFOPLIST_KEY_UILaunchScreen_Generation = YES;
				INFOPLIST_KEY_UILaunchStoryboardName = SSLaunchScreen.storyboard;
				INFOPLIST_KEY_UISupportedInterfaceOrientations_iPad = UIInterfaceOrientationLandscapeRight;
				IPHONEOS_DEPLOYMENT_TARGET = 16.1;
				LD_RUNPATH_SEARCH_PATHS = (
					"$(inherited)",
					"@executable_path/Frameworks",
				);
				MARKETING_VERSION = 0.1;
				PRODUCT_BUNDLE_IDENTIFIER = com.AVSound.MEngProject;
				PRODUCT_NAME = "$(TARGET_NAME)";
				SWIFT_EMIT_LOC_STRINGS = YES;
				SWIFT_VERSION = 5.0;
				TARGETED_DEVICE_FAMILY = "1,2";
			};
			name = Release;
		};
/* End XCBuildConfiguration section */

/* Begin XCConfigurationList section */
		00E4A4A629A011CC0047C1E0 /* Build configuration list for PBXProject "MEngProject" */ = {
			isa = XCConfigurationList;
			buildConfigurations = (
				00E4A4B729A011CD0047C1E0 /* Debug */,
				00E4A4B829A011CD0047C1E0 /* Release */,
			);
			defaultConfigurationIsVisible = 0;
			defaultConfigurationName = Release;
		};
		00E4A4B929A011CD0047C1E0 /* Build configuration list for PBXNativeTarget "MEngProject" */ = {
			isa = XCConfigurationList;
			buildConfigurations = (
				00E4A4BA29A011CD0047C1E0 /* Debug */,
				00E4A4BB29A011CD0047C1E0 /* Release */,
			);
			defaultConfigurationIsVisible = 0;
			defaultConfigurationName = Release;
		};
/* End XCConfigurationList section */

/* Begin XCRemoteSwiftPackageReference section */
		0082BCA929B0C59A00DD07EE /* XCRemoteSwiftPackageReference "Tonic" */ = {
			isa = XCRemoteSwiftPackageReference;
			repositoryURL = "https://github.com/AudioKit/Tonic.git";
			requirement = {
				kind = upToNextMajorVersion;
				minimumVersion = 1.0.0;
			};
		};
		00E4A4BC29A013160047C1E0 /* XCRemoteSwiftPackageReference "AudioKit" */ = {
			isa = XCRemoteSwiftPackageReference;
			repositoryURL = "https://github.com/AudioKit/AudioKit.git";
			requirement = {
				kind = upToNextMajorVersion;
				minimumVersion = 5.0.0;
			};
		};
		00E4A4BF29A0133C0047C1E0 /* XCRemoteSwiftPackageReference "AudioKitUI" */ = {
			isa = XCRemoteSwiftPackageReference;
			repositoryURL = "https://github.com/AudioKit/AudioKitUI.git";
			requirement = {
				kind = upToNextMajorVersion;
				minimumVersion = 0.3.4;
			};
		};
		00E4A4C229A0135B0047C1E0 /* XCRemoteSwiftPackageReference "DunneAudioKit" */ = {
			isa = XCRemoteSwiftPackageReference;
			repositoryURL = "https://github.com/AudioKit/DunneAudioKit.git";
			requirement = {
				kind = upToNextMajorVersion;
				minimumVersion = 5.0.0;
			};
		};
		00E4A4C529A013760047C1E0 /* XCRemoteSwiftPackageReference "SoundpipeAudioKit" */ = {
			isa = XCRemoteSwiftPackageReference;
			repositoryURL = "https://github.com/AudioKit/SoundpipeAudioKit.git";
			requirement = {
				kind = upToNextMajorVersion;
				minimumVersion = 5.0.0;
			};
		};
/* End XCRemoteSwiftPackageReference section */

/* Begin XCSwiftPackageProductDependency section */
		007B2F3529C31F240069C947 /* AudioKitUI */ = {
			isa = XCSwiftPackageProductDependency;
			package = 00E4A4BF29A0133C0047C1E0 /* XCRemoteSwiftPackageReference "AudioKitUI" */;
			productName = AudioKitUI;
		};
		0082BCAA29B0C59A00DD07EE /* Tonic */ = {
			isa = XCSwiftPackageProductDependency;
			package = 0082BCA929B0C59A00DD07EE /* XCRemoteSwiftPackageReference "Tonic" */;
			productName = Tonic;
		};
		00E4A4BD29A013160047C1E0 /* AudioKit */ = {
			isa = XCSwiftPackageProductDependency;
			package = 00E4A4BC29A013160047C1E0 /* XCRemoteSwiftPackageReference "AudioKit" */;
			productName = AudioKit;
		};
		00E4A4C329A0135B0047C1E0 /* DunneAudioKit */ = {
			isa = XCSwiftPackageProductDependency;
			package = 00E4A4C229A0135B0047C1E0 /* XCRemoteSwiftPackageReference "DunneAudioKit" */;
			productName = DunneAudioKit;
		};
		00E4A4C629A013760047C1E0 /* SoundpipeAudioKit */ = {
			isa = XCSwiftPackageProductDependency;
			package = 00E4A4C529A013760047C1E0 /* XCRemoteSwiftPackageReference "SoundpipeAudioKit" */;
			productName = SoundpipeAudioKit;
		};
/* End XCSwiftPackageProductDependency section */
	};
	rootObject = 00E4A4A329A011CC0047C1E0 /* Project object */;
}
